{
  "name": "document-scanner",
  "version": "1.0.0",
  "lockfileVersion": 2,
  "requires": true,
  "packages": {
    "": {
      "name": "document-scanner",
      "version": "1.0.0",
      "license": "MIT",
      "dependencies": {
        "commander": "^8.3.0",
        "python-shell": "^3.0.1"
      }
    },
    "node_modules/commander": {
      "version": "8.3.0",
      "resolved": "https://registry.npmjs.org/commander/-/commander-8.3.0.tgz",
      "integrity": "sha512-OkTL9umf+He2DZkUq8f8J9of7yL6RJKI24dVITBmNfZBmri9zYZQrKkuXiKhyfPSu8tUhnVBB1iKXevvnlR4Ww==",
      "engines": {
        "node": ">= 12"
      }
    },
    "node_modules/python-shell": {
      "version": "3.0.1",
      "resolved": "https://registry.npmjs.org/python-shell/-/python-shell-3.0.1.tgz",
      "integrity": "sha512-TWeotuxe1auhXa5bGRScxnc2J+0r41NBntSa6RYZtMBLtAEsvCboKrEbW6DvASosWQepVkhZZlT3B5Ei766G+Q==",
      "engines": {
        "node": ">=0.10"
      }
    }
  },
  "dependencies": {
    "commander": {
      "version": "8.3.0",
      "resolved": "https://registry.npmjs.org/commander/-/commander-8.3.0.tgz",
      "integrity": "sha512-OkTL9umf+He2DZkUq8f8J9of7yL6RJKI24dVITBmNfZBmri9zYZQrKkuXiKhyfPSu8tUhnVBB1iKXevvnlR4Ww=="
    },
    "python-shell": {
      "version": "3.0.1",
      "resolved": "https://registry.npmjs.org/python-shell/-/python-shell-3.0.1.tgz",
      "integrity": "sha512-TWeotuxe1auhXa5bGRScxnc2J+0r41NBntSa6RYZtMBLtAEsvCboKrEbW6DvASosWQepVkhZZlT3B5Ei766G+Q=="
    }
  }
}
